
Microsoft Visual Studio Solution File, Format Version 12.00
# Visual Studio Version 17
VisualStudioVersion = 17.4.33213.308
MinimumVisualStudioVersion = 10.0.40219.1
Project("{FAE04EC0-301F-11D3-BF4B-00C04F79EFBC}") = "AreaQuadRetanTriang", "ExemploParametro\AreaQuadRetanTriang.csproj", "{FE043907-5357-4782-8195-5B07B58E9E40}"
EndProject
Global
	GlobalSection(SolutionConfigurationPlatforms) = preSolution
		Debug|Any CPU = Debug|Any CPU
		Release|Any CPU = Release|Any CPU
	EndGlobalSection
	GlobalSection(ProjectConfigurationPlatforms) = postSolution
		{FE043907-5357-4782-8195-5B07B58E9E40}.Debug|Any CPU.ActiveCfg = Debug|Any CPU
		{FE043907-5357-4782-8195-5B07B58E9E40}.Debug|Any CPU.Build.0 = Debug|Any CPU
		{FE043907-5357-4782-8195-5B07B58E9E40}.Release|Any CPU.ActiveCfg = Release|Any CPU
		{FE043907-5357-4782-8195-5B07B58E9E40}.Release|Any CPU.Build.0 = Release|Any CPU
	EndGlobalSection
	GlobalSection(SolutionProperties) = preSolution
		HideSolutionNode = FALSE
	EndGlobalSection
	GlobalSection(ExtensibilityGlobals) = postSolution
		SolutionGuid = {53058C4D-CCC1-461E-9BEF-E6B10C429AD1}
	EndGlobalSection
EndGlobal
